PODS:
  - Kingfisher (7.1.2)
  - Resolver (1.5.0)

DEPENDENCIES:
  - Kingfisher
  - Resolver

SPEC REPOS:
  trunk:
    - Kingfisher
    - Resolver

SPEC CHECKSUMS:
  Kingfisher: 44ed6a8504763f27bab46163adfac83f5deb240c
  Resolver: 68984624572763018fd8ec7b8e3e8df0e3b6bba5

PODFILE CHECKSUM: 9d91cfee584d58041b2ab1f1bbf86da37c089a7d

COCOAPODS: 1.11.2
